// !$*UTF8*$!
{
	archiveVersion = 1;
	classes = {
	};
	objectVersion = 56;
	objects = {

/* Begin PBXBuildFile section */
		D801F79C2C5D3B9200F7F521 /* SplashScreenView.swift in Sources */ = {isa = PBXBuildFile; fileRef = D801F79B2C5D3B9200F7F521 /* SplashScreenView.swift */; };
		D801F79E2C5D3BD200F7F521 /* MainView.swift in Sources */ = {isa = PBXBuildFile; fileRef = D801F79D2C5D3BD200F7F521 /* MainView.swift */; };
		D801F7A02C5E4D1000F7F521 /* WeightLossAdviceService.swift in Sources */ = {isa = PBXBuildFile; fileRef = D801F79F2C5E4D1000F7F521 /* WeightLossAdviceService.swift */; };
		D801F7A22C5E4D7E00F7F521 /* WeightLossAdviceViewModel.swift in Sources */ = {isa = PBXBuildFile; fileRef = D801F7A12C5E4D7E00F7F521 /* WeightLossAdviceViewModel.swift */; };
		D801F7A42C5E4E7100F7F521 /* WeightLossAdviceView.swift in Sources */ = {isa = PBXBuildFile; fileRef = D801F7A32C5E4E7100F7F521 /* WeightLossAdviceView.swift */; };
		D807709F2C5927FA00381B45 /* FirebaseFunctions in Frameworks */ = {isa = PBXBuildFile; productRef = D807709E2C5927FA00381B45 /* FirebaseFunctions */; };
		D80770A52C5BD3EA00381B45 /* ChatbotHomeView.swift in Sources */ = {isa = PBXBuildFile; fileRef = D80770A42C5BD3EA00381B45 /* ChatbotHomeView.swift */; };
		D80770A72C5BD54200381B45 /* ChatbotView.swift in Sources */ = {isa = PBXBuildFile; fileRef = D80770A62C5BD54200381B45 /* ChatbotView.swift */; };
		D80D55D02C71E13A0009C7DF /* UserInfoDosage.swift in Sources */ = {isa = PBXBuildFile; fileRef = D80D55CF2C71E13A0009C7DF /* UserInfoDosage.swift */; };
		D80D55D32C71F0AD0009C7DF /* AboutView.swift in Sources */ = {isa = PBXBuildFile; fileRef = D80D55D22C71F0AD0009C7DF /* AboutView.swift */; };
		D80D55D52C71F28C0009C7DF /* PrivacyPolicyView.swift in Sources */ = {isa = PBXBuildFile; fileRef = D80D55D42C71F28C0009C7DF /* PrivacyPolicyView.swift */; };
		D80D55D72C71FB6B0009C7DF /* WaterView.swift in Sources */ = {isa = PBXBuildFile; fileRef = D80D55D62C71FB6B0009C7DF /* WaterView.swift */; };
		D80D55DB2C72014E0009C7DF /* BannerView.swift in Sources */ = {isa = PBXBuildFile; fileRef = D80D55DA2C72014E0009C7DF /* BannerView.swift */; };
		D80D55DF2C7300F10009C7DF /* ProteinView.swift in Sources */ = {isa = PBXBuildFile; fileRef = D80D55DE2C7300F10009C7DF /* ProteinView.swift */; };
		D80D55E12C73093A0009C7DF /* UserInfoMedicationDay.swift in Sources */ = {isa = PBXBuildFile; fileRef = D80D55E02C73093A0009C7DF /* UserInfoMedicationDay.swift */; };
		D80D55E32C7314DE0009C7DF /* MedicationReminderWidget.swift in Sources */ = {isa = PBXBuildFile; fileRef = D80D55E22C7314DE0009C7DF /* MedicationReminderWidget.swift */; };
		D80D55E72C745A4C0009C7DF /* WaterIntakeManager.swift in Sources */ = {isa = PBXBuildFile; fileRef = D80D55E62C745A4C0009C7DF /* WaterIntakeManager.swift */; };
		D80D55E92C745E0A0009C7DF /* ProteinIntakeManager.swift in Sources */ = {isa = PBXBuildFile; fileRef = D80D55E82C745E0A0009C7DF /* ProteinIntakeManager.swift */; };
		D80D55EB2C7465410009C7DF /* BMIAndProteinCalculationView.swift in Sources */ = {isa = PBXBuildFile; fileRef = D80D55EA2C7465410009C7DF /* BMIAndProteinCalculationView.swift */; };
		D80D55EF2C747AC00009C7DF /* BMIView.swift in Sources */ = {isa = PBXBuildFile; fileRef = D80D55EE2C747AC00009C7DF /* BMIView.swift */; };
		D80D55F12C78144C0009C7DF /* DeleteUserData.swift in Sources */ = {isa = PBXBuildFile; fileRef = D80D55F02C78144C0009C7DF /* DeleteUserData.swift */; };
		D85E8F1B2C55213A00CC2ACF /* NewLogView.swift in Sources */ = {isa = PBXBuildFile; fileRef = D85E8F1A2C55213A00CC2ACF /* NewLogView.swift */; };
		D85E8F1D2C557BF200CC2ACF /* LogsView.swift in Sources */ = {isa = PBXBuildFile; fileRef = D85E8F1C2C557BF200CC2ACF /* LogsView.swift */; };
		D85E8F1F2C557F1B00CC2ACF /* LogsData.swift in Sources */ = {isa = PBXBuildFile; fileRef = D85E8F1E2C557F1B00CC2ACF /* LogsData.swift */; };
		D85E8F232C576A5300CC2ACF /* FirebaseMessaging in Frameworks */ = {isa = PBXBuildFile; productRef = D85E8F222C576A5300CC2ACF /* FirebaseMessaging */; };
		D85E8F292C57720E00CC2ACF /* ChatbotWelcomeView.swift in Sources */ = {isa = PBXBuildFile; fileRef = D85E8F282C57720E00CC2ACF /* ChatbotWelcomeView.swift */; };
		D85E8F2F2C57836900CC2ACF /* AnthropicService.swift in Sources */ = {isa = PBXBuildFile; fileRef = D85E8F2E2C57836900CC2ACF /* AnthropicService.swift */; };
		D85EA7922C5252AE00A15915 /* NeovieApp.swift in Sources */ = {isa = PBXBuildFile; fileRef = D85EA7912C5252AE00A15915 /* NeovieApp.swift */; };
		D85EA7942C5252AE00A15915 /* ContentView.swift in Sources */ = {isa = PBXBuildFile; fileRef = D85EA7932C5252AE00A15915 /* ContentView.swift */; };
		D85EA7962C5252B000A15915 /* Assets.xcassets in Resources */ = {isa = PBXBuildFile; fileRef = D85EA7952C5252B000A15915 /* Assets.xcassets */; };
		D85EA7992C5252B000A15915 /* Preview Assets.xcassets in Resources */ = {isa = PBXBuildFile; fileRef = D85EA7982C5252B000A15915 /* Preview Assets.xcassets */; };
		D85EA7A32C5252B000A15915 /* NeovieTests.swift in Sources */ = {isa = PBXBuildFile; fileRef = D85EA7A22C5252B000A15915 /* NeovieTests.swift */; };
		D85EA7AD2C5252B000A15915 /* NeovieUITests.swift in Sources */ = {isa = PBXBuildFile; fileRef = D85EA7AC2C5252B000A15915 /* NeovieUITests.swift */; };
		D85EA7AF2C5252B000A15915 /* NeovieUITestsLaunchTests.swift in Sources */ = {isa = PBXBuildFile; fileRef = D85EA7AE2C5252B000A15915 /* NeovieUITestsLaunchTests.swift */; };
		D85EA7BD2C52532D00A15915 /* FirebaseAuth in Frameworks */ = {isa = PBXBuildFile; productRef = D85EA7BC2C52532D00A15915 /* FirebaseAuth */; };
		D85EA7BF2C52532D00A15915 /* FirebaseDatabase in Frameworks */ = {isa = PBXBuildFile; productRef = D85EA7BE2C52532D00A15915 /* FirebaseDatabase */; };
		D85EA7C12C52532D00A15915 /* FirebaseFirestore in Frameworks */ = {isa = PBXBuildFile; productRef = D85EA7C02C52532D00A15915 /* FirebaseFirestore */; };
		D85EA7C32C52532D00A15915 /* FirebaseStorage in Frameworks */ = {isa = PBXBuildFile; productRef = D85EA7C22C52532D00A15915 /* FirebaseStorage */; };
		D85EA7C52C5253D500A15915 /* GoogleService-Info.plist in Resources */ = {isa = PBXBuildFile; fileRef = D85EA7C42C5253D500A15915 /* GoogleService-Info.plist */; };
		D85EA7C92C52547600A15915 /* GoogleSignIn in Frameworks */ = {isa = PBXBuildFile; productRef = D85EA7C82C52547600A15915 /* GoogleSignIn */; };
		D85EA7CB2C52547600A15915 /* GoogleSignInSwift in Frameworks */ = {isa = PBXBuildFile; productRef = D85EA7CA2C52547600A15915 /* GoogleSignInSwift */; };
		D85EA7CD2C52549800A15915 /* GoogleSignInManager.swift in Sources */ = {isa = PBXBuildFile; fileRef = D85EA7CC2C52549800A15915 /* GoogleSignInManager.swift */; };
		D85EA7CF2C5254B200A15915 /* OnboardingView.swift in Sources */ = {isa = PBXBuildFile; fileRef = D85EA7CE2C5254B200A15915 /* OnboardingView.swift */; };
		D85EA7D32C5254E100A15915 /* UserProfile.swift in Sources */ = {isa = PBXBuildFile; fileRef = D85EA7D22C5254E100A15915 /* UserProfile.swift */; };
		D85EA7DD2C52555800A15915 /* FirestoreManager.swift in Sources */ = {isa = PBXBuildFile; fileRef = D85EA7DC2C52555800A15915 /* FirestoreManager.swift */; };
		D85EA7DF2C537B5100A15915 /* NotificationRequest.swift in Sources */ = {isa = PBXBuildFile; fileRef = D85EA7DE2C537B5100A15915 /* NotificationRequest.swift */; };
		D85EA7E12C53810B00A15915 /* HomePage.swift in Sources */ = {isa = PBXBuildFile; fileRef = D85EA7E02C53810B00A15915 /* HomePage.swift */; };
		D85EA7E52C53A74300A15915 /* SettingsHomePage.swift in Sources */ = {isa = PBXBuildFile; fileRef = D85EA7E42C53A74300A15915 /* SettingsHomePage.swift */; };
		D867963B2C6C023B00C0FF8B /* ColorScheme.swift in Sources */ = {isa = PBXBuildFile; fileRef = D867963A2C6C023B00C0FF8B /* ColorScheme.swift */; };
		D86796422C6F52FE00C0FF8B /* HealthKitManager.swift in Sources */ = {isa = PBXBuildFile; fileRef = D86796412C6F52FE00C0FF8B /* HealthKitManager.swift */; };
		D867964B2C6F63E700C0FF8B /* UserInfoName.swift in Sources */ = {isa = PBXBuildFile; fileRef = D867964A2C6F63E700C0FF8B /* UserInfoName.swift */; };
		D867964D2C6F65C300C0FF8B /* UserInfoAge.swift in Sources */ = {isa = PBXBuildFile; fileRef = D867964C2C6F65C300C0FF8B /* UserInfoAge.swift */; };
		D86796572C6F7EE700C0FF8B /* UserInfoGender.swift in Sources */ = {isa = PBXBuildFile; fileRef = D86796562C6F7EE700C0FF8B /* UserInfoGender.swift */; };
		D86796612C6F834000C0FF8B /* Gender2.json in Resources */ = {isa = PBXBuildFile; fileRef = D867965E2C6F834000C0FF8B /* Gender2.json */; };
		D86796622C6F834000C0FF8B /* Gender1.json in Resources */ = {isa = PBXBuildFile; fileRef = D867965F2C6F834000C0FF8B /* Gender1.json */; };
		D86796632C6F834000C0FF8B /* Gender3.json in Resources */ = {isa = PBXBuildFile; fileRef = D86796602C6F834000C0FF8B /* Gender3.json */; };
		D86796652C70124500C0FF8B /* UserInfoHeight.swift in Sources */ = {isa = PBXBuildFile; fileRef = D86796642C70124500C0FF8B /* UserInfoHeight.swift */; };
		D86796672C7019FE00C0FF8B /* UserInfoWeight.swift in Sources */ = {isa = PBXBuildFile; fileRef = D86796662C7019FE00C0FF8B /* UserInfoWeight.swift */; };
		D86796692C701DA000C0FF8B /* UserInfoActivity.swift in Sources */ = {isa = PBXBuildFile; fileRef = D86796682C701DA000C0FF8B /* UserInfoActivity.swift */; };
		D867966B2C706AE100C0FF8B /* UserInfoTargetWeight.swift in Sources */ = {isa = PBXBuildFile; fileRef = D867966A2C706AE100C0FF8B /* UserInfoTargetWeight.swift */; };
		D867966F2C7070FB00C0FF8B /* Gender4.json in Resources */ = {isa = PBXBuildFile; fileRef = D867966E2C7070FB00C0FF8B /* Gender4.json */; };
		D86796712C707A1A00C0FF8B /* UserInfoMedication.swift in Sources */ = {isa = PBXBuildFile; fileRef = D86796702C707A1A00C0FF8B /* UserInfoMedication.swift */; };
		D86796732C70918800C0FF8B /* CustomTextField.swift in Sources */ = {isa = PBXBuildFile; fileRef = D86796722C70918800C0FF8B /* CustomTextField.swift */; };
		D86796752C70ACED00C0FF8B /* SideEffects.swift in Sources */ = {isa = PBXBuildFile; fileRef = D86796742C70ACED00C0FF8B /* SideEffects.swift */; };
		D86796772C71A9E600C0FF8B /* HomeTabContent.swift in Sources */ = {isa = PBXBuildFile; fileRef = D86796762C71A9E600C0FF8B /* HomeTabContent.swift */; };
		D8ABA6762C5FC8CD0040F018 /* CustomTabBar.swift in Sources */ = {isa = PBXBuildFile; fileRef = D8ABA6752C5FC8CD0040F018 /* CustomTabBar.swift */; };
		D8ABA6782C5FC9480040F018 /* CustomNavigationBar.swift in Sources */ = {isa = PBXBuildFile; fileRef = D8ABA6772C5FC9480040F018 /* CustomNavigationBar.swift */; };
		D8ABA67B2C5FCEC90040F018 /* Lottie in Frameworks */ = {isa = PBXBuildFile; productRef = D8ABA67A2C5FCEC90040F018 /* Lottie */; };
		D8ABA67D2C5FCF070040F018 /* network-fitness-app-and-healthy-lifestyle.json in Resources */ = {isa = PBXBuildFile; fileRef = D8ABA67C2C5FCF070040F018 /* network-fitness-app-and-healthy-lifestyle.json */; };
		D8ABA67F2C5FF3D00040F018 /* ChatAI.json in Resources */ = {isa = PBXBuildFile; fileRef = D8ABA67E2C5FF3CF0040F018 /* ChatAI.json */; };
		D8DAB5772C79617C00CD1E3A /* FirebaseAnalytics in Frameworks */ = {isa = PBXBuildFile; productRef = D8DAB5762C79617C00CD1E3A /* FirebaseAnalytics */; };
		D8DAB5792C79617C00CD1E3A /* FirebaseAnalyticsOnDeviceConversion in Frameworks */ = {isa = PBXBuildFile; productRef = D8DAB5782C79617C00CD1E3A /* FirebaseAnalyticsOnDeviceConversion */; };
		D8DAB57B2C79617C00CD1E3A /* FirebaseAnalyticsSwift in Frameworks */ = {isa = PBXBuildFile; productRef = D8DAB57A2C79617C00CD1E3A /* FirebaseAnalyticsSwift */; };
		D8DAB57D2C79617C00CD1E3A /* FirebaseAnalyticsWithoutAdIdSupport in Frameworks */ = {isa = PBXBuildFile; productRef = D8DAB57C2C79617C00CD1E3A /* FirebaseAnalyticsWithoutAdIdSupport */; };
		D8DAB57F2C797E2700CD1E3A /* ExploreView.swift in Sources */ = {isa = PBXBuildFile; fileRef = D8DAB57E2C797E2700CD1E3A /* ExploreView.swift */; };
/* End PBXBuildFile section */

/* Begin PBXContainerItemProxy section */
		D85EA79F2C5252B000A15915 /* PBXContainerItemProxy */ = {
			isa = PBXContainerItemProxy;
			containerPortal = D85EA7862C5252AE00A15915 /* Project object */;
			proxyType = 1;
			remoteGlobalIDString = D85EA78D2C5252AE00A15915;
			remoteInfo = Neovie;
		};
		D85EA7A92C5252B000A15915 /* PBXContainerItemProxy */ = {
			isa = PBXContainerItemProxy;
			containerPortal = D85EA7862C5252AE00A15915 /* Project object */;
			proxyType = 1;
			remoteGlobalIDString = D85EA78D2C5252AE00A15915;
			remoteInfo = Neovie;
		};
/* End PBXContainerItemProxy section */

/* Begin PBXFileReference section */
		D801F79B2C5D3B9200F7F521 /* SplashScreenView.swift */ = {isa = PBXFileReference; lastKnownFileType = sourcecode.swift; path = SplashScreenView.swift; sourceTree = "<group>"; };
		D801F79D2C5D3BD200F7F521 /* MainView.swift */ = {isa = PBXFileReference; lastKnownFileType = sourcecode.swift; path = MainView.swift; sourceTree = "<group>"; };
		D801F79F2C5E4D1000F7F521 /* WeightLossAdviceService.swift */ = {isa = PBXFileReference; lastKnownFileType = sourcecode.swift; path = WeightLossAdviceService.swift; sourceTree = "<group>"; };
		D801F7A12C5E4D7E00F7F521 /* WeightLossAdviceViewModel.swift */ = {isa = PBXFileReference; lastKnownFileType = sourcecode.swift; path = WeightLossAdviceViewModel.swift; sourceTree = "<group>"; };
		D801F7A32C5E4E7100F7F521 /* WeightLossAdviceView.swift */ = {isa = PBXFileReference; lastKnownFileType = sourcecode.swift; path = WeightLossAdviceView.swift; sourceTree = "<group>"; };
		D80770A42C5BD3EA00381B45 /* ChatbotHomeView.swift */ = {isa = PBXFileReference; lastKnownFileType = sourcecode.swift; path = ChatbotHomeView.swift; sourceTree = "<group>"; };
		D80770A62C5BD54200381B45 /* ChatbotView.swift */ = {isa = PBXFileReference; lastKnownFileType = sourcecode.swift; path = ChatbotView.swift; sourceTree = "<group>"; };
		D80D55CF2C71E13A0009C7DF /* UserInfoDosage.swift */ = {isa = PBXFileReference; lastKnownFileType = sourcecode.swift; path = UserInfoDosage.swift; sourceTree = "<group>"; };
		D80D55D22C71F0AD0009C7DF /* AboutView.swift */ = {isa = PBXFileReference; lastKnownFileType = sourcecode.swift; path = AboutView.swift; sourceTree = "<group>"; };
		D80D55D42C71F28C0009C7DF /* PrivacyPolicyView.swift */ = {isa = PBXFileReference; lastKnownFileType = sourcecode.swift; path = PrivacyPolicyView.swift; sourceTree = "<group>"; };
		D80D55D62C71FB6B0009C7DF /* WaterView.swift */ = {isa = PBXFileReference; lastKnownFileType = sourcecode.swift; path = WaterView.swift; sourceTree = "<group>"; };
		D80D55DA2C72014E0009C7DF /* BannerView.swift */ = {isa = PBXFileReference; lastKnownFileType = sourcecode.swift; path = BannerView.swift; sourceTree = "<group>"; };
		D80D55DE2C7300F10009C7DF /* ProteinView.swift */ = {isa = PBXFileReference; lastKnownFileType = sourcecode.swift; path = ProteinView.swift; sourceTree = "<group>"; };
		D80D55E02C73093A0009C7DF /* UserInfoMedicationDay.swift */ = {isa = PBXFileReference; lastKnownFileType = sourcecode.swift; path = UserInfoMedicationDay.swift; sourceTree = "<group>"; };
		D80D55E22C7314DE0009C7DF /* MedicationReminderWidget.swift */ = {isa = PBXFileReference; lastKnownFileType = sourcecode.swift; path = MedicationReminderWidget.swift; sourceTree = "<group>"; };
		D80D55E62C745A4C0009C7DF /* WaterIntakeManager.swift */ = {isa = PBXFileReference; lastKnownFileType = sourcecode.swift; path = WaterIntakeManager.swift; sourceTree = "<group>"; };
		D80D55E82C745E0A0009C7DF /* ProteinIntakeManager.swift */ = {isa = PBXFileReference; lastKnownFileType = sourcecode.swift; path = ProteinIntakeManager.swift; sourceTree = "<group>"; };
		D80D55EA2C7465410009C7DF /* BMIAndProteinCalculationView.swift */ = {isa = PBXFileReference; lastKnownFileType = sourcecode.swift; path = BMIAndProteinCalculationView.swift; sourceTree = "<group>"; };
		D80D55EE2C747AC00009C7DF /* BMIView.swift */ = {isa = PBXFileReference; lastKnownFileType = sourcecode.swift; path = BMIView.swift; sourceTree = "<group>"; };
		D80D55F02C78144C0009C7DF /* DeleteUserData.swift */ = {isa = PBXFileReference; lastKnownFileType = sourcecode.swift; path = DeleteUserData.swift; sourceTree = "<group>"; };
		D85E8F1A2C55213A00CC2ACF /* NewLogView.swift */ = {isa = PBXFileReference; lastKnownFileType = sourcecode.swift; path = NewLogView.swift; sourceTree = "<group>"; };
		D85E8F1C2C557BF200CC2ACF /* LogsView.swift */ = {isa = PBXFileReference; lastKnownFileType = sourcecode.swift; path = LogsView.swift; sourceTree = "<group>"; };
		D85E8F1E2C557F1B00CC2ACF /* LogsData.swift */ = {isa = PBXFileReference; lastKnownFileType = sourcecode.swift; path = LogsData.swift; sourceTree = "<group>"; };
		D85E8F282C57720E00CC2ACF /* ChatbotWelcomeView.swift */ = {isa = PBXFileReference; lastKnownFileType = sourcecode.swift; path = ChatbotWelcomeView.swift; sourceTree = "<group>"; };
		D85E8F2E2C57836900CC2ACF /* AnthropicService.swift */ = {isa = PBXFileReference; lastKnownFileType = sourcecode.swift; path = AnthropicService.swift; sourceTree = "<group>"; };
		D85EA78E2C5252AE00A15915 /* Neovie.app */ = {isa = PBXFileReference; explicitFileType = wrapper.application; includeInIndex = 0; path = Neovie.app; sourceTree = BUILT_PRODUCTS_DIR; };
		D85EA7912C5252AE00A15915 /* NeovieApp.swift */ = {isa = PBXFileReference; lastKnownFileType = sourcecode.swift; path = NeovieApp.swift; sourceTree = "<group>"; };
		D85EA7932C5252AE00A15915 /* ContentView.swift */ = {isa = PBXFileReference; lastKnownFileType = sourcecode.swift; path = ContentView.swift; sourceTree = "<group>"; };
		D85EA7952C5252B000A15915 /* Assets.xcassets */ = {isa = PBXFileReference; lastKnownFileType = folder.assetcatalog; path = Assets.xcassets; sourceTree = "<group>"; };
		D85EA7982C5252B000A15915 /* Preview Assets.xcassets */ = {isa = PBXFileReference; lastKnownFileType = folder.assetcatalog; path = "Preview Assets.xcassets"; sourceTree = "<group>"; };
		D85EA79E2C5252B000A15915 /* NeovieTests.xctest */ = {isa = PBXFileReference; explicitFileType = wrapper.cfbundle; includeInIndex = 0; path = NeovieTests.xctest; sourceTree = BUILT_PRODUCTS_DIR; };
		D85EA7A22C5252B000A15915 /* NeovieTests.swift */ = {isa = PBXFileReference; lastKnownFileType = sourcecode.swift; path = NeovieTests.swift; sourceTree = "<group>"; };
		D85EA7A82C5252B000A15915 /* NeovieUITests.xctest */ = {isa = PBXFileReference; explicitFileType = wrapper.cfbundle; includeInIndex = 0; path = NeovieUITests.xctest; sourceTree = BUILT_PRODUCTS_DIR; };
		D85EA7AC2C5252B000A15915 /* NeovieUITests.swift */ = {isa = PBXFileReference; lastKnownFileType = sourcecode.swift; path = NeovieUITests.swift; sourceTree = "<group>"; };
		D85EA7AE2C5252B000A15915 /* NeovieUITestsLaunchTests.swift */ = {isa = PBXFileReference; lastKnownFileType = sourcecode.swift; path = NeovieUITestsLaunchTests.swift; sourceTree = "<group>"; };
		D85EA7C42C5253D500A15915 /* GoogleService-Info.plist */ = {isa = PBXFileReference; fileEncoding = 4; lastKnownFileType = text.plist.xml; path = "GoogleService-Info.plist"; sourceTree = "<group>"; };
		D85EA7C62C52540D00A15915 /* Info.plist */ = {isa = PBXFileReference; lastKnownFileType = text.plist; path = Info.plist; sourceTree = "<group>"; };
		D85EA7CC2C52549800A15915 /* GoogleSignInManager.swift */ = {isa = PBXFileReference; lastKnownFileType = sourcecode.swift; path = GoogleSignInManager.swift; sourceTree = "<group>"; };
		D85EA7CE2C5254B200A15915 /* OnboardingView.swift */ = {isa = PBXFileReference; lastKnownFileType = sourcecode.swift; path = OnboardingView.swift; sourceTree = "<group>"; };
		D85EA7D22C5254E100A15915 /* UserProfile.swift */ = {isa = PBXFileReference; lastKnownFileType = sourcecode.swift; path = UserProfile.swift; sourceTree = "<group>"; };
		D85EA7DC2C52555800A15915 /* FirestoreManager.swift */ = {isa = PBXFileReference; lastKnownFileType = sourcecode.swift; path = FirestoreManager.swift; sourceTree = "<group>"; };
		D85EA7DE2C537B5100A15915 /* NotificationRequest.swift */ = {isa = PBXFileReference; lastKnownFileType = sourcecode.swift; path = NotificationRequest.swift; sourceTree = "<group>"; };
		D85EA7E02C53810B00A15915 /* HomePage.swift */ = {isa = PBXFileReference; lastKnownFileType = sourcecode.swift; path = HomePage.swift; sourceTree = "<group>"; };
		D85EA7E42C53A74300A15915 /* SettingsHomePage.swift */ = {isa = PBXFileReference; lastKnownFileType = sourcecode.swift; path = SettingsHomePage.swift; sourceTree = "<group>"; };
		D867963A2C6C023B00C0FF8B /* ColorScheme.swift */ = {isa = PBXFileReference; lastKnownFileType = sourcecode.swift; path = ColorScheme.swift; sourceTree = "<group>"; };
		D86796412C6F52FE00C0FF8B /* HealthKitManager.swift */ = {isa = PBXFileReference; lastKnownFileType = sourcecode.swift; path = HealthKitManager.swift; sourceTree = "<group>"; };
		D86796472C6F54C500C0FF8B /* Neovie.entitlements */ = {isa = PBXFileReference; lastKnownFileType = text.plist.entitlements; path = Neovie.entitlements; sourceTree = "<group>"; };
		D867964A2C6F63E700C0FF8B /* UserInfoName.swift */ = {isa = PBXFileReference; lastKnownFileType = sourcecode.swift; path = UserInfoName.swift; sourceTree = "<group>"; };
		D867964C2C6F65C300C0FF8B /* UserInfoAge.swift */ = {isa = PBXFileReference; lastKnownFileType = sourcecode.swift; path = UserInfoAge.swift; sourceTree = "<group>"; };
		D86796562C6F7EE700C0FF8B /* UserInfoGender.swift */ = {isa = PBXFileReference; lastKnownFileType = sourcecode.swift; path = UserInfoGender.swift; sourceTree = "<group>"; };
		D867965E2C6F834000C0FF8B /* Gender2.json */ = {isa = PBXFileReference; fileEncoding = 4; lastKnownFileType = text.json; path = Gender2.json; sourceTree = "<group>"; };
		D867965F2C6F834000C0FF8B /* Gender1.json */ = {isa = PBXFileReference; fileEncoding = 4; lastKnownFileType = text.json; path = Gender1.json; sourceTree = "<group>"; };
		D86796602C6F834000C0FF8B /* Gender3.json */ = {isa = PBXFileReference; fileEncoding = 4; lastKnownFileType = text.json; path = Gender3.json; sourceTree = "<group>"; };
		D86796642C70124500C0FF8B /* UserInfoHeight.swift */ = {isa = PBXFileReference; lastKnownFileType = sourcecode.swift; path = UserInfoHeight.swift; sourceTree = "<group>"; };
		D86796662C7019FE00C0FF8B /* UserInfoWeight.swift */ = {isa = PBXFileReference; lastKnownFileType = sourcecode.swift; path = UserInfoWeight.swift; sourceTree = "<group>"; };
		D86796682C701DA000C0FF8B /* UserInfoActivity.swift */ = {isa = PBXFileReference; lastKnownFileType = sourcecode.swift; path = UserInfoActivity.swift; sourceTree = "<group>"; };
		D867966A2C706AE100C0FF8B /* UserInfoTargetWeight.swift */ = {isa = PBXFileReference; lastKnownFileType = sourcecode.swift; path = UserInfoTargetWeight.swift; sourceTree = "<group>"; };
		D867966E2C7070FB00C0FF8B /* Gender4.json */ = {isa = PBXFileReference; fileEncoding = 4; lastKnownFileType = text.json; path = Gender4.json; sourceTree = "<group>"; };
		D86796702C707A1A00C0FF8B /* UserInfoMedication.swift */ = {isa = PBXFileReference; lastKnownFileType = sourcecode.swift; path = UserInfoMedication.swift; sourceTree = "<group>"; };
		D86796722C70918800C0FF8B /* CustomTextField.swift */ = {isa = PBXFileReference; lastKnownFileType = sourcecode.swift; path = CustomTextField.swift; sourceTree = "<group>"; };
		D86796742C70ACED00C0FF8B /* SideEffects.swift */ = {isa = PBXFileReference; lastKnownFileType = sourcecode.swift; path = SideEffects.swift; sourceTree = "<group>"; };
		D86796762C71A9E600C0FF8B /* HomeTabContent.swift */ = {isa = PBXFileReference; lastKnownFileType = sourcecode.swift; path = HomeTabContent.swift; sourceTree = "<group>"; };
		D8ABA6752C5FC8CD0040F018 /* CustomTabBar.swift */ = {isa = PBXFileReference; lastKnownFileType = sourcecode.swift; path = CustomTabBar.swift; sourceTree = "<group>"; };
		D8ABA6772C5FC9480040F018 /* CustomNavigationBar.swift */ = {isa = PBXFileReference; lastKnownFileType = sourcecode.swift; path = CustomNavigationBar.swift; sourceTree = "<group>"; };
		D8ABA67C2C5FCF070040F018 /* network-fitness-app-and-healthy-lifestyle.json */ = {isa = PBXFileReference; fileEncoding = 4; lastKnownFileType = text.json; path = "network-fitness-app-and-healthy-lifestyle.json"; sourceTree = "<group>"; };
		D8ABA67E2C5FF3CF0040F018 /* ChatAI.json */ = {isa = PBXFileReference; fileEncoding = 4; lastKnownFileType = text.json; path = ChatAI.json; sourceTree = "<group>"; };
		D8DAB57E2C797E2700CD1E3A /* ExploreView.swift */ = {isa = PBXFileReference; lastKnownFileType = sourcecode.swift; path = ExploreView.swift; sourceTree = "<group>"; };
/* End PBXFileReference section */

/* Begin PBXFrameworksBuildPhase section */
		D85EA78B2C5252AE00A15915 /* Frameworks */ = {
			isa = PBXFrameworksBuildPhase;
			buildActionMask = 2147483647;
			files = (
				D8DAB57D2C79617C00CD1E3A /* FirebaseAnalyticsWithoutAdIdSupport in Frameworks */,
				D8DAB57B2C79617C00CD1E3A /* FirebaseAnalyticsSwift in Frameworks */,
				D85EA7C92C52547600A15915 /* GoogleSignIn in Frameworks */,
				D85EA7BF2C52532D00A15915 /* FirebaseDatabase in Frameworks */,
				D8DAB5792C79617C00CD1E3A /* FirebaseAnalyticsOnDeviceConversion in Frameworks */,
				D8ABA67B2C5FCEC90040F018 /* Lottie in Frameworks */,
				D85E8F232C576A5300CC2ACF /* FirebaseMessaging in Frameworks */,
				D807709F2C5927FA00381B45 /* FirebaseFunctions in Frameworks */,
				D85EA7C32C52532D00A15915 /* FirebaseStorage in Frameworks */,
				D85EA7CB2C52547600A15915 /* GoogleSignInSwift in Frameworks */,
				D85EA7BD2C52532D00A15915 /* FirebaseAuth in Frameworks */,
				D8DAB5772C79617C00CD1E3A /* FirebaseAnalytics in Frameworks */,
				D85EA7C12C52532D00A15915 /* FirebaseFirestore in Frameworks */,
			);
			runOnlyForDeploymentPostprocessing = 0;
		};
		D85EA79B2C5252B000A15915 /* Frameworks */ = {
			isa = PBXFrameworksBuildPhase;
			buildActionMask = 2147483647;
			files = (
			);
			runOnlyForDeploymentPostprocessing = 0;
		};
		D85EA7A52C5252B000A15915 /* Frameworks */ = {
			isa = PBXFrameworksBuildPhase;
			buildActionMask = 2147483647;
			files = (
			);
			runOnlyForDeploymentPostprocessing = 0;
		};
/* End PBXFrameworksBuildPhase section */

/* Begin PBXGroup section */
		D80D55D12C71EE050009C7DF /* Home */ = {
			isa = PBXGroup;
			children = (
				D85EA7E02C53810B00A15915 /* HomePage.swift */,
				D86796762C71A9E600C0FF8B /* HomeTabContent.swift */,
				D86796742C70ACED00C0FF8B /* SideEffects.swift */,
				D80D55D22C71F0AD0009C7DF /* AboutView.swift */,
				D80D55DA2C72014E0009C7DF /* BannerView.swift */,
				D80D55F02C78144C0009C7DF /* DeleteUserData.swift */,
				D80D55EE2C747AC00009C7DF /* BMIView.swift */,
				D80D55E82C745E0A0009C7DF /* ProteinIntakeManager.swift */,
				D80D55E62C745A4C0009C7DF /* WaterIntakeManager.swift */,
				D80D55D62C71FB6B0009C7DF /* WaterView.swift */,
				D80D55DE2C7300F10009C7DF /* ProteinView.swift */,
				D80D55E22C7314DE0009C7DF /* MedicationReminderWidget.swift */,
				D80D55D42C71F28C0009C7DF /* PrivacyPolicyView.swift */,
				D85EA7E42C53A74300A15915 /* SettingsHomePage.swift */,
			);
			path = Home;
			sourceTree = "<group>";
		};
		D85EA7852C5252AE00A15915 = {
			isa = PBXGroup;
			children = (
				D85EA7902C5252AE00A15915 /* Neovie */,
				D85EA7A12C5252B000A15915 /* NeovieTests */,
				D85EA7AB2C5252B000A15915 /* NeovieUITests */,
				D85EA78F2C5252AE00A15915 /* Products */,
			);
			sourceTree = "<group>";
		};
		D85EA78F2C5252AE00A15915 /* Products */ = {
			isa = PBXGroup;
			children = (
				D85EA78E2C5252AE00A15915 /* Neovie.app */,
				D85EA79E2C5252B000A15915 /* NeovieTests.xctest */,
				D85EA7A82C5252B000A15915 /* NeovieUITests.xctest */,
			);
			name = Products;
			sourceTree = "<group>";
		};
		D85EA7902C5252AE00A15915 /* Neovie */ = {
			isa = PBXGroup;
			children = (
				D86796472C6F54C500C0FF8B /* Neovie.entitlements */,
				D85EA7C62C52540D00A15915 /* Info.plist */,
				D85EA7C42C5253D500A15915 /* GoogleService-Info.plist */,
				D85EA7912C5252AE00A15915 /* NeovieApp.swift */,
				D801F79D2C5D3BD200F7F521 /* MainView.swift */,
				D801F79B2C5D3B9200F7F521 /* SplashScreenView.swift */,
				D85EA7932C5252AE00A15915 /* ContentView.swift */,
				D85EA7CE2C5254B200A15915 /* OnboardingView.swift */,
				D85EA7CC2C52549800A15915 /* GoogleSignInManager.swift */,
				D867963C2C6C7BD000C0FF8B /* UserInfo */,
				D80D55D12C71EE050009C7DF /* Home */,
				D867963F2C6C7DEB00C0FF8B /* LoggingData */,
				D867963D2C6C7D8200C0FF8B /* Chatbot */,
				D867963E2C6C7DC700C0FF8B /* WeightLossAdvice */,
				D8ABA6752C5FC8CD0040F018 /* CustomTabBar.swift */,
				D8ABA6772C5FC9480040F018 /* CustomNavigationBar.swift */,
				D85E8F2E2C57836900CC2ACF /* AnthropicService.swift */,
				D867963A2C6C023B00C0FF8B /* ColorScheme.swift */,
				D86796402C6C7E5400C0FF8B /* Lottie */,
				D85EA7952C5252B000A15915 /* Assets.xcassets */,
				D85EA7972C5252B000A15915 /* Preview Content */,
			);
			path = Neovie;
			sourceTree = "<group>";
		};
		D85EA7972C5252B000A15915 /* Preview Content */ = {
			isa = PBXGroup;
			children = (
				D85EA7982C5252B000A15915 /* Preview Assets.xcassets */,
			);
			path = "Preview Content";
			sourceTree = "<group>";
		};
		D85EA7A12C5252B000A15915 /* NeovieTests */ = {
			isa = PBXGroup;
			children = (
				D85EA7A22C5252B000A15915 /* NeovieTests.swift */,
			);
			path = NeovieTests;
			sourceTree = "<group>";
		};
		D85EA7AB2C5252B000A15915 /* NeovieUITests */ = {
			isa = PBXGroup;
			children = (
				D85EA7AC2C5252B000A15915 /* NeovieUITests.swift */,
				D85EA7AE2C5252B000A15915 /* NeovieUITestsLaunchTests.swift */,
			);
			path = NeovieUITests;
			sourceTree = "<group>";
		};
		D867963C2C6C7BD000C0FF8B /* UserInfo */ = {
			isa = PBXGroup;
			children = (
				D85EA7D22C5254E100A15915 /* UserProfile.swift */,
				D867964A2C6F63E700C0FF8B /* UserInfoName.swift */,
				D867964C2C6F65C300C0FF8B /* UserInfoAge.swift */,
				D86796562C6F7EE700C0FF8B /* UserInfoGender.swift */,
				D86796642C70124500C0FF8B /* UserInfoHeight.swift */,
				D86796662C7019FE00C0FF8B /* UserInfoWeight.swift */,
				D867966A2C706AE100C0FF8B /* UserInfoTargetWeight.swift */,
				D86796682C701DA000C0FF8B /* UserInfoActivity.swift */,
				D86796702C707A1A00C0FF8B /* UserInfoMedication.swift */,
				D80D55CF2C71E13A0009C7DF /* UserInfoDosage.swift */,
				D80D55E02C73093A0009C7DF /* UserInfoMedicationDay.swift */,
				D80D55EA2C7465410009C7DF /* BMIAndProteinCalculationView.swift */,
				D85EA7DE2C537B5100A15915 /* NotificationRequest.swift */,
				D86796722C70918800C0FF8B /* CustomTextField.swift */,
				D86796412C6F52FE00C0FF8B /* HealthKitManager.swift */,
				D85EA7DC2C52555800A15915 /* FirestoreManager.swift */,
				D8DAB57E2C797E2700CD1E3A /* ExploreView.swift */,
			);
			path = UserInfo;
			sourceTree = "<group>";
		};
		D867963D2C6C7D8200C0FF8B /* Chatbot */ = {
			isa = PBXGroup;
			children = (
				D85E8F282C57720E00CC2ACF /* ChatbotWelcomeView.swift */,
				D80770A42C5BD3EA00381B45 /* ChatbotHomeView.swift */,
				D80770A62C5BD54200381B45 /* ChatbotView.swift */,
			);
			path = Chatbot;
			sourceTree = "<group>";
		};
		D867963E2C6C7DC700C0FF8B /* WeightLossAdvice */ = {
			isa = PBXGroup;
			children = (
				D801F79F2C5E4D1000F7F521 /* WeightLossAdviceService.swift */,
				D801F7A12C5E4D7E00F7F521 /* WeightLossAdviceViewModel.swift */,
				D801F7A32C5E4E7100F7F521 /* WeightLossAdviceView.swift */,
			);
			path = WeightLossAdvice;
			sourceTree = "<group>";
		};
		D867963F2C6C7DEB00C0FF8B /* LoggingData */ = {
			isa = PBXGroup;
			children = (
				D85E8F1E2C557F1B00CC2ACF /* LogsData.swift */,
				D85E8F1A2C55213A00CC2ACF /* NewLogView.swift */,
				D85E8F1C2C557BF200CC2ACF /* LogsView.swift */,
			);
			path = LoggingData;
			sourceTree = "<group>";
		};
		D86796402C6C7E5400C0FF8B /* Lottie */ = {
			isa = PBXGroup;
			children = (
				D8ABA67C2C5FCF070040F018 /* network-fitness-app-and-healthy-lifestyle.json */,
				D867965F2C6F834000C0FF8B /* Gender1.json */,
				D867965E2C6F834000C0FF8B /* Gender2.json */,
				D86796602C6F834000C0FF8B /* Gender3.json */,
				D867966E2C7070FB00C0FF8B /* Gender4.json */,
				D8ABA67E2C5FF3CF0040F018 /* ChatAI.json */,
			);
			path = Lottie;
			sourceTree = "<group>";
		};
/* End PBXGroup section */

/* Begin PBXNativeTarget section */
		D85EA78D2C5252AE00A15915 /* Neovie */ = {
			isa = PBXNativeTarget;
			buildConfigurationList = D85EA7B22C5252B000A15915 /* Build configuration list for PBXNativeTarget "Neovie" */;
			buildPhases = (
				D85EA78A2C5252AE00A15915 /* Sources */,
				D85EA78B2C5252AE00A15915 /* Frameworks */,
				D85EA78C2C5252AE00A15915 /* Resources */,
			);
			buildRules = (
			);
			dependencies = (
			);
			name = Neovie;
			packageProductDependencies = (
				D85EA7BC2C52532D00A15915 /* FirebaseAuth */,
				D85EA7BE2C52532D00A15915 /* FirebaseDatabase */,
				D85EA7C02C52532D00A15915 /* FirebaseFirestore */,
				D85EA7C22C52532D00A15915 /* FirebaseStorage */,
				D85EA7C82C52547600A15915 /* GoogleSignIn */,
				D85EA7CA2C52547600A15915 /* GoogleSignInSwift */,
				D85E8F222C576A5300CC2ACF /* FirebaseMessaging */,
				D807709E2C5927FA00381B45 /* FirebaseFunctions */,
				D8ABA67A2C5FCEC90040F018 /* Lottie */,
				D8DAB5762C79617C00CD1E3A /* FirebaseAnalytics */,
				D8DAB5782C79617C00CD1E3A /* FirebaseAnalyticsOnDeviceConversion */,
				D8DAB57A2C79617C00CD1E3A /* FirebaseAnalyticsSwift */,
				D8DAB57C2C79617C00CD1E3A /* FirebaseAnalyticsWithoutAdIdSupport */,
			);
			productName = Neovie;
			productReference = D85EA78E2C5252AE00A15915 /* Neovie.app */;
			productType = "com.apple.product-type.application";
		};
		D85EA79D2C5252B000A15915 /* NeovieTests */ = {
			isa = PBXNativeTarget;
			buildConfigurationList = D85EA7B52C5252B000A15915 /* Build configuration list for PBXNativeTarget "NeovieTests" */;
			buildPhases = (
				D85EA79A2C5252B000A15915 /* Sources */,
				D85EA79B2C5252B000A15915 /* Frameworks */,
				D85EA79C2C5252B000A15915 /* Resources */,
			);
			buildRules = (
			);
			dependencies = (
				D85EA7A02C5252B000A15915 /* PBXTargetDependency */,
			);
			name = NeovieTests;
			productName = NeovieTests;
			productReference = D85EA79E2C5252B000A15915 /* NeovieTests.xctest */;
			productType = "com.apple.product-type.bundle.unit-test";
		};
		D85EA7A72C5252B000A15915 /* NeovieUITests */ = {
			isa = PBXNativeTarget;
			buildConfigurationList = D85EA7B82C5252B000A15915 /* Build configuration list for PBXNativeTarget "NeovieUITests" */;
			buildPhases = (
				D85EA7A42C5252B000A15915 /* Sources */,
				D85EA7A52C5252B000A15915 /* Frameworks */,
				D85EA7A62C5252B000A15915 /* Resources */,
			);
			buildRules = (
			);
			dependencies = (
				D85EA7AA2C5252B000A15915 /* PBXTargetDependency */,
			);
			name = NeovieUITests;
			productName = NeovieUITests;
			productReference = D85EA7A82C5252B000A15915 /* NeovieUITests.xctest */;
			productType = "com.apple.product-type.bundle.ui-testing";
		};
/* End PBXNativeTarget section */

/* Begin PBXProject section */
		D85EA7862C5252AE00A15915 /* Project object */ = {
			isa = PBXProject;
			attributes = {
				BuildIndependentTargetsInParallel = 1;
				LastSwiftUpdateCheck = 1540;
				LastUpgradeCheck = 1540;
				TargetAttributes = {
					D85EA78D2C5252AE00A15915 = {
						CreatedOnToolsVersion = 15.4;
					};
					D85EA79D2C5252B000A15915 = {
						CreatedOnToolsVersion = 15.4;
						TestTargetID = D85EA78D2C5252AE00A15915;
					};
					D85EA7A72C5252B000A15915 = {
						CreatedOnToolsVersion = 15.4;
						TestTargetID = D85EA78D2C5252AE00A15915;
					};
				};
			};
			buildConfigurationList = D85EA7892C5252AE00A15915 /* Build configuration list for PBXProject "Neovie" */;
			compatibilityVersion = "Xcode 14.0";
			developmentRegion = en;
			hasScannedForEncodings = 0;
			knownRegions = (
				en,
				Base,
			);
			mainGroup = D85EA7852C5252AE00A15915;
			packageReferences = (
				D85EA7BB2C52532D00A15915 /* XCRemoteSwiftPackageReference "firebase-ios-sdk" */,
				D85EA7C72C52547600A15915 /* XCRemoteSwiftPackageReference "GoogleSignIn-iOS" */,
				D8ABA6792C5FCEC90040F018 /* XCRemoteSwiftPackageReference "lottie-ios" */,
			);
			productRefGroup = D85EA78F2C5252AE00A15915 /* Products */;
			projectDirPath = "";
			projectRoot = "";
			targets = (
				D85EA78D2C5252AE00A15915 /* Neovie */,
				D85EA79D2C5252B000A15915 /* NeovieTests */,
				D85EA7A72C5252B000A15915 /* NeovieUITests */,
			);
		};
/* End PBXProject section */

/* Begin PBXResourcesBuildPhase section */
		D85EA78C2C5252AE00A15915 /* Resources */ = {
			isa = PBXResourcesBuildPhase;
			buildActionMask = 2147483647;
			files = (
				D86796622C6F834000C0FF8B /* Gender1.json in Resources */,
				D85EA7992C5252B000A15915 /* Preview Assets.xcassets in Resources */,
				D86796612C6F834000C0FF8B /* Gender2.json in Resources */,
				D8ABA67D2C5FCF070040F018 /* network-fitness-app-and-healthy-lifestyle.json in Resources */,
				D86796632C6F834000C0FF8B /* Gender3.json in Resources */,
				D8ABA67F2C5FF3D00040F018 /* ChatAI.json in Resources */,
				D85EA7962C5252B000A15915 /* Assets.xcassets in Resources */,
				D867966F2C7070FB00C0FF8B /* Gender4.json in Resources */,
				D85EA7C52C5253D500A15915 /* GoogleService-Info.plist in Resources */,
			);
			runOnlyForDeploymentPostprocessing = 0;
		};
		D85EA79C2C5252B000A15915 /* Resources */ = {
			isa = PBXResourcesBuildPhase;
			buildActionMask = 2147483647;
			files = (
			);
			runOnlyForDeploymentPostprocessing = 0;
		};
		D85EA7A62C5252B000A15915 /* Resources */ = {
			isa = PBXResourcesBuildPhase;
			buildActionMask = 2147483647;
			files = (
			);
			runOnlyForDeploymentPostprocessing = 0;
		};
/* End PBXResourcesBuildPhase section */

/* Begin PBXSourcesBuildPhase section */
		D85EA78A2C5252AE00A15915 /* Sources */ = {
			isa = PBXSourcesBuildPhase;
			buildActionMask = 2147483647;
			files = (
				D85EA7E52C53A74300A15915 /* SettingsHomePage.swift in Sources */,
				D86796652C70124500C0FF8B /* UserInfoHeight.swift in Sources */,
				D85EA7942C5252AE00A15915 /* ContentView.swift in Sources */,
				D85EA7CF2C5254B200A15915 /* OnboardingView.swift in Sources */,
				D8ABA6762C5FC8CD0040F018 /* CustomTabBar.swift in Sources */,
				D80D55F12C78144C0009C7DF /* DeleteUserData.swift in Sources */,
				D80D55EB2C7465410009C7DF /* BMIAndProteinCalculationView.swift in Sources */,
				D80D55E12C73093A0009C7DF /* UserInfoMedicationDay.swift in Sources */,
				D86796732C70918800C0FF8B /* CustomTextField.swift in Sources */,
				D80770A72C5BD54200381B45 /* ChatbotView.swift in Sources */,
				D867966B2C706AE100C0FF8B /* UserInfoTargetWeight.swift in Sources */,
				D801F7A22C5E4D7E00F7F521 /* WeightLossAdviceViewModel.swift in Sources */,
				D80D55D52C71F28C0009C7DF /* PrivacyPolicyView.swift in Sources */,
				D86796692C701DA000C0FF8B /* UserInfoActivity.swift in Sources */,
				D8DAB57F2C797E2700CD1E3A /* ExploreView.swift in Sources */,
				D801F7A02C5E4D1000F7F521 /* WeightLossAdviceService.swift in Sources */,
				D85EA7D32C5254E100A15915 /* UserProfile.swift in Sources */,
				D80D55DB2C72014E0009C7DF /* BannerView.swift in Sources */,
				D801F7A42C5E4E7100F7F521 /* WeightLossAdviceView.swift in Sources */,
				D80D55D02C71E13A0009C7DF /* UserInfoDosage.swift in Sources */,
				D867964B2C6F63E700C0FF8B /* UserInfoName.swift in Sources */,
				D86796752C70ACED00C0FF8B /* SideEffects.swift in Sources */,
				D80D55DF2C7300F10009C7DF /* ProteinView.swift in Sources */,
				D80D55D32C71F0AD0009C7DF /* AboutView.swift in Sources */,
				D85E8F292C57720E00CC2ACF /* ChatbotWelcomeView.swift in Sources */,
				D85E8F1B2C55213A00CC2ACF /* NewLogView.swift in Sources */,
				D85EA7E12C53810B00A15915 /* HomePage.swift in Sources */,
				D867963B2C6C023B00C0FF8B /* ColorScheme.swift in Sources */,
				D85E8F2F2C57836900CC2ACF /* AnthropicService.swift in Sources */,
				D80D55EF2C747AC00009C7DF /* BMIView.swift in Sources */,
				D86796422C6F52FE00C0FF8B /* HealthKitManager.swift in Sources */,
				D80D55D72C71FB6B0009C7DF /* WaterView.swift in Sources */,
				D80D55E32C7314DE0009C7DF /* MedicationReminderWidget.swift in Sources */,
				D85E8F1D2C557BF200CC2ACF /* LogsView.swift in Sources */,
				D85E8F1F2C557F1B00CC2ACF /* LogsData.swift in Sources */,
				D86796672C7019FE00C0FF8B /* UserInfoWeight.swift in Sources */,
				D867964D2C6F65C300C0FF8B /* UserInfoAge.swift in Sources */,
				D80D55E72C745A4C0009C7DF /* WaterIntakeManager.swift in Sources */,
				D86796572C6F7EE700C0FF8B /* UserInfoGender.swift in Sources */,
				D80770A52C5BD3EA00381B45 /* ChatbotHomeView.swift in Sources */,
				D801F79C2C5D3B9200F7F521 /* SplashScreenView.swift in Sources */,
				D86796772C71A9E600C0FF8B /* HomeTabContent.swift in Sources */,
				D8ABA6782C5FC9480040F018 /* CustomNavigationBar.swift in Sources */,
				D80D55E92C745E0A0009C7DF /* ProteinIntakeManager.swift in Sources */,
				D85EA7922C5252AE00A15915 /* NeovieApp.swift in Sources */,
				D86796712C707A1A00C0FF8B /* UserInfoMedication.swift in Sources */,
				D85EA7CD2C52549800A15915 /* GoogleSignInManager.swift in Sources */,
				D85EA7DF2C537B5100A15915 /* NotificationRequest.swift in Sources */,
				D801F79E2C5D3BD200F7F521 /* MainView.swift in Sources */,
				D85EA7DD2C52555800A15915 /* FirestoreManager.swift in Sources */,
			);
			runOnlyForDeploymentPostprocessing = 0;
		};
		D85EA79A2C5252B000A15915 /* Sources */ = {
			isa = PBXSourcesBuildPhase;
			buildActionMask = 2147483647;
			files = (
				D85EA7A32C5252B000A15915 /* NeovieTests.swift in Sources */,
			);
			runOnlyForDeploymentPostprocessing = 0;
		};
		D85EA7A42C5252B000A15915 /* Sources */ = {
			isa = PBXSourcesBuildPhase;
			buildActionMask = 2147483647;
			files = (
				D85EA7AF2C5252B000A15915 /* NeovieUITestsLaunchTests.swift in Sources */,
				D85EA7AD2C5252B000A15915 /* NeovieUITests.swift in Sources */,
			);
			runOnlyForDeploymentPostprocessing = 0;
		};
/* End PBXSourcesBuildPhase section */

/* Begin PBXTargetDependency section */
		D85EA7A02C5252B000A15915 /* PBXTargetDependency */ = {
			isa = PBXTargetDependency;
			target = D85EA78D2C5252AE00A15915 /* Neovie */;
			targetProxy = D85EA79F2C5252B000A15915 /* PBXContainerItemProxy */;
		};
		D85EA7AA2C5252B000A15915 /* PBXTargetDependency */ = {
			isa = PBXTargetDependency;
			target = D85EA78D2C5252AE00A15915 /* Neovie */;
			targetProxy = D85EA7A92C5252B000A15915 /* PBXContainerItemProxy */;
		};
/* End PBXTargetDependency section */

/* Begin XCBuildConfiguration section */
		D85EA7B02C5252B000A15915 /* Debug */ = {
			isa = XCBuildConfiguration;
			buildSettings = {
				ALWAYS_SEARCH_USER_PATHS = NO;
				ASSETCATALOG_COMPILER_GENERATE_SWIFT_ASSET_SYMBOL_EXTENSIONS = YES;
				CLANG_ANALYZER_NONNULL = YES;
				CLANG_ANALYZER_NUMBER_OBJECT_CONVERSION = YES_AGGRESSIVE;
				CLANG_CXX_LANGUAGE_STANDARD = "gnu++20";
				CLANG_ENABLE_MODULES = YES;
				CLANG_ENABLE_OBJC_ARC = YES;
				CLANG_ENABLE_OBJC_WEAK = YES;
				CLANG_WARN_BLOCK_CAPTURE_AUTORELEASING = YES;
				CLANG_WARN_BOOL_CONVERSION = YES;
				CLANG_WARN_COMMA = YES;
				CLANG_WARN_CONSTANT_CONVERSION = YES;
				CLANG_WARN_DEPRECATED_OBJC_IMPLEMENTATIONS = YES;
				CLANG_WARN_DIRECT_OBJC_ISA_USAGE = YES_ERROR;
				CLANG_WARN_DOCUMENTATION_COMMENTS = YES;
				CLANG_WARN_EMPTY_BODY = YES;
				CLANG_WARN_ENUM_CONVERSION = YES;
				CLANG_WARN_INFINITE_RECURSION = YES;
				CLANG_WARN_INT_CONVERSION = YES;
				CLANG_WARN_NON_LITERAL_NULL_CONVERSION = YES;
				CLANG_WARN_OBJC_IMPLICIT_RETAIN_SELF = YES;
				CLANG_WARN_OBJC_LITERAL_CONVERSION = YES;
				CLANG_WARN_OBJC_ROOT_CLASS = YES_ERROR;
				CLANG_WARN_QUOTED_INCLUDE_IN_FRAMEWORK_HEADER = YES;
				CLANG_WARN_RANGE_LOOP_ANALYSIS = YES;
				CLANG_WARN_STRICT_PROTOTYPES = YES;
				CLANG_WARN_SUSPICIOUS_MOVE = YES;
				CLANG_WARN_UNGUARDED_AVAILABILITY = YES_AGGRESSIVE;
				CLANG_WARN_UNREACHABLE_CODE = YES;
				CLANG_WARN__DUPLICATE_METHOD_MATCH = YES;
				COPY_PHASE_STRIP = NO;
				DEBUG_INFORMATION_FORMAT = dwarf;
				ENABLE_STRICT_OBJC_MSGSEND = YES;
				ENABLE_TESTABILITY = YES;
				ENABLE_USER_SCRIPT_SANDBOXING = YES;
				GCC_C_LANGUAGE_STANDARD = gnu17;
				GCC_DYNAMIC_NO_PIC = NO;
				GCC_NO_COMMON_BLOCKS = YES;
				GCC_OPTIMIZATION_LEVEL = 0;
				GCC_PREPROCESSOR_DEFINITIONS = (
					"DEBUG=1",
					"$(inherited)",
				);
				GCC_WARN_64_TO_32_BIT_CONVERSION = YES;
				GCC_WARN_ABOUT_RETURN_TYPE = YES_ERROR;
				GCC_WARN_UNDECLARED_SELECTOR = YES;
				GCC_WARN_UNINITIALIZED_AUTOS = YES_AGGRESSIVE;
				GCC_WARN_UNUSED_FUNCTION = YES;
				GCC_WARN_UNUSED_VARIABLE = YES;
				IPHONEOS_DEPLOYMENT_TARGET = 17.5;
				LOCALIZATION_PREFERS_STRING_CATALOGS = YES;
				MTL_ENABLE_DEBUG_INFO = INCLUDE_SOURCE;
				MTL_FAST_MATH = YES;
				ONLY_ACTIVE_ARCH = YES;
				SDKROOT = iphoneos;
				SWIFT_ACTIVE_COMPILATION_CONDITIONS = "DEBUG $(inherited)";
				SWIFT_OPTIMIZATION_LEVEL = "-Onone";
			};
			name = Debug;
		};
		D85EA7B12C5252B000A15915 /* Release */ = {
			isa = XCBuildConfiguration;
			buildSettings = {
				ALWAYS_SEARCH_USER_PATHS = NO;
				ASSETCATALOG_COMPILER_GENERATE_SWIFT_ASSET_SYMBOL_EXTENSIONS = YES;
				CLANG_ANALYZER_NONNULL = YES;
				CLANG_ANALYZER_NUMBER_OBJECT_CONVERSION = YES_AGGRESSIVE;
				CLANG_CXX_LANGUAGE_STANDARD = "gnu++20";
				CLANG_ENABLE_MODULES = YES;
				CLANG_ENABLE_OBJC_ARC = YES;
				CLANG_ENABLE_OBJC_WEAK = YES;
				CLANG_WARN_BLOCK_CAPTURE_AUTORELEASING = YES;
				CLANG_WARN_BOOL_CONVERSION = YES;
				CLANG_WARN_COMMA = YES;
				CLANG_WARN_CONSTANT_CONVERSION = YES;
				CLANG_WARN_DEPRECATED_OBJC_IMPLEMENTATIONS = YES;
				CLANG_WARN_DIRECT_OBJC_ISA_USAGE = YES_ERROR;
				CLANG_WARN_DOCUMENTATION_COMMENTS = YES;
				CLANG_WARN_EMPTY_BODY = YES;
				CLANG_WARN_ENUM_CONVERSION = YES;
				CLANG_WARN_INFINITE_RECURSION = YES;
				CLANG_WARN_INT_CONVERSION = YES;
				CLANG_WARN_NON_LITERAL_NULL_CONVERSION = YES;
				CLANG_WARN_OBJC_IMPLICIT_RETAIN_SELF = YES;
				CLANG_WARN_OBJC_LITERAL_CONVERSION = YES;
				CLANG_WARN_OBJC_ROOT_CLASS = YES_ERROR;
				CLANG_WARN_QUOTED_INCLUDE_IN_FRAMEWORK_HEADER = YES;
				CLANG_WARN_RANGE_LOOP_ANALYSIS = YES;
				CLANG_WARN_STRICT_PROTOTYPES = YES;
				CLANG_WARN_SUSPICIOUS_MOVE = YES;
				CLANG_WARN_UNGUARDED_AVAILABILITY = YES_AGGRESSIVE;
				CLANG_WARN_UNREACHABLE_CODE = YES;
				CLANG_WARN__DUPLICATE_METHOD_MATCH = YES;
				COPY_PHASE_STRIP = NO;
				DEBUG_INFORMATION_FORMAT = "dwarf-with-dsym";
				ENABLE_NS_ASSERTIONS = NO;
				ENABLE_STRICT_OBJC_MSGSEND = YES;
				ENABLE_USER_SCRIPT_SANDBOXING = YES;
				GCC_C_LANGUAGE_STANDARD = gnu17;
				GCC_NO_COMMON_BLOCKS = YES;
				GCC_WARN_64_TO_32_BIT_CONVERSION = YES;
				GCC_WARN_ABOUT_RETURN_TYPE = YES_ERROR;
				GCC_WARN_UNDECLARED_SELECTOR = YES;
				GCC_WARN_UNINITIALIZED_AUTOS = YES_AGGRESSIVE;
				GCC_WARN_UNUSED_FUNCTION = YES;
				GCC_WARN_UNUSED_VARIABLE = YES;
				IPHONEOS_DEPLOYMENT_TARGET = 17.5;
				LOCALIZATION_PREFERS_STRING_CATALOGS = YES;
				MTL_ENABLE_DEBUG_INFO = NO;
				MTL_FAST_MATH = YES;
				SDKROOT = iphoneos;
				SWIFT_COMPILATION_MODE = wholemodule;
				VALIDATE_PRODUCT = YES;
			};
			name = Release;
		};
		D85EA7B32C5252B000A15915 /* Debug */ = {
			isa = XCBuildConfiguration;
			buildSettings = {
				ASSETCATALOG_COMPILER_APPICON_NAME = AppIcon;
				ASSETCATALOG_COMPILER_GLOBAL_ACCENT_COLOR_NAME = AccentColor;
				CODE_SIGN_ENTITLEMENTS = Neovie/Neovie.entitlements;
				CODE_SIGN_STYLE = Automatic;
				CURRENT_PROJECT_VERSION = 1;
				DEVELOPMENT_ASSET_PATHS = "\"Neovie/Preview Content\"";
				DEVELOPMENT_TEAM = 3D5Z4RTGYG;
				ENABLE_PREVIEWS = YES;
				GENERATE_INFOPLIST_FILE = YES;
				INFOPLIST_FILE = Neovie/Info.plist;
				INFOPLIST_KEY_LSSupportsOpeningDocumentsInPlace = YES;
				INFOPLIST_KEY_NSContactsUsageDescription = "We need access to your contact card to personalize your experience with your name.";
				INFOPLIST_KEY_NSHealthShareUsageDescription = "We need access to your health data to track your weight loss progress and provide personalized insights.";
				INFOPLIST_KEY_NSHealthUpdateUsageDescription = "We need permission to update your health data with the information you log in the app.";
				INFOPLIST_KEY_UIApplicationSceneManifest_Generation = YES;
				INFOPLIST_KEY_UIApplicationSupportsIndirectInputEvents = YES;
				INFOPLIST_KEY_UILaunchScreen_Generation = YES;
				INFOPLIST_KEY_UISupportedInterfaceOrientations_iPad = "UIInterfaceOrientationPortrait UIInterfaceOrientationPortraitUpsideDown UIInterfaceOrientationLandscapeLeft UIInterfaceOrientationLandscapeRight";
				INFOPLIST_KEY_UISupportedInterfaceOrientations_iPhone = "UIInterfaceOrientationPortrait UIInterfaceOrientationLandscapeLeft UIInterfaceOrientationLandscapeRight";
				IPHONEOS_DEPLOYMENT_TARGET = 15.0;
				LD_RUNPATH_SEARCH_PATHS = (
					"$(inherited)",
					"@executable_path/Frameworks",
				);
				MARKETING_VERSION = 1.9;
				PRODUCT_BUNDLE_IDENTIFIER = com.deepthi.NeovieApp;
				PRODUCT_NAME = "$(TARGET_NAME)";
				SUPPORTED_PLATFORMS = "iphoneos iphonesimulator";
				SUPPORTS_MACCATALYST = NO;
				SUPPORTS_MAC_DESIGNED_FOR_IPHONE_IPAD = NO;
				SUPPORTS_XR_DESIGNED_FOR_IPHONE_IPAD = NO;
				SWIFT_EMIT_LOC_STRINGS = YES;
				SWIFT_VERSION = 5.0;
				TARGETED_DEVICE_FAMILY = 1;
			};
			name = Debug;
		};
		D85EA7B42C5252B000A15915 /* Release */ = {
			isa = XCBuildConfiguration;
			buildSettings = {
				ASSETCATALOG_COMPILER_APPICON_NAME = AppIcon;
				ASSETCATALOG_COMPILER_GLOBAL_ACCENT_COLOR_NAME = AccentColor;
				CODE_SIGN_ENTITLEMENTS = Neovie/Neovie.entitlements;
				CODE_SIGN_IDENTITY = "Apple Development";
				CODE_SIGN_STYLE = Automatic;
				CURRENT_PROJECT_VERSION = 1;
				DEVELOPMENT_ASSET_PATHS = "\"Neovie/Preview Content\"";
				DEVELOPMENT_TEAM = 3D5Z4RTGYG;
				ENABLE_PREVIEWS = YES;
				GENERATE_INFOPLIST_FILE = YES;
				INFOPLIST_FILE = Neovie/Info.plist;
				INFOPLIST_KEY_LSSupportsOpeningDocumentsInPlace = YES;
				INFOPLIST_KEY_NSContactsUsageDescription = "We need access to your contact card to personalize your experience with your name.";
				INFOPLIST_KEY_NSHealthShareUsageDescription = "We need access to your health data to track your weight loss progress and provide personalized insights.";
				INFOPLIST_KEY_NSHealthUpdateUsageDescription = "We need permission to update your health data with the information you log in the app.";
				INFOPLIST_KEY_UIApplicationSceneManifest_Generation = YES;
				INFOPLIST_KEY_UIApplicationSupportsIndirectInputEvents = YES;
				INFOPLIST_KEY_UILaunchScreen_Generation = YES;
				INFOPLIST_KEY_UISupportedInterfaceOrientations_iPad = "UIInterfaceOrientationPortrait UIInterfaceOrientationPortraitUpsideDown UIInterfaceOrientationLandscapeLeft UIInterfaceOrientationLandscapeRight";
				INFOPLIST_KEY_UISupportedInterfaceOrientations_iPhone = "UIInterfaceOrientationPortrait UIInterfaceOrientationLandscapeLeft UIInterfaceOrientationLandscapeRight";
				IPHONEOS_DEPLOYMENT_TARGET = 15.0;
				LD_RUNPATH_SEARCH_PATHS = (
					"$(inherited)",
					"@executable_path/Frameworks",
				);
				MARKETING_VERSION = 1.9;
				PRODUCT_BUNDLE_IDENTIFIER = com.deepthi.NeovieApp;
				PRODUCT_NAME = "$(TARGET_NAME)";
				PROVISIONING_PROFILE_SPECIFIER = "";
				SUPPORTED_PLATFORMS = "iphoneos iphonesimulator";
				SUPPORTS_MACCATALYST = NO;
				SUPPORTS_MAC_DESIGNED_FOR_IPHONE_IPAD = NO;
				SUPPORTS_XR_DESIGNED_FOR_IPHONE_IPAD = NO;
				SWIFT_EMIT_LOC_STRINGS = YES;
				SWIFT_VERSION = 5.0;
				TARGETED_DEVICE_FAMILY = 1;
			};
			name = Release;
		};
		D85EA7B62C5252B000A15915 /* Debug */ = {
			isa = XCBuildConfiguration;
			buildSettings = {
				ALWAYS_EMBED_SWIFT_STANDARD_LIBRARIES = YES;
				BUNDLE_LOADER = "$(TEST_HOST)";
				CODE_SIGN_STYLE = Automatic;
				CURRENT_PROJECT_VERSION = 1;
				GENERATE_INFOPLIST_FILE = YES;
				IPHONEOS_DEPLOYMENT_TARGET = 17.5;
				MARKETING_VERSION = 1.0;
				PRODUCT_BUNDLE_IDENTIFIER = com.deepthi.NeovieTests;
				PRODUCT_NAME = "$(TARGET_NAME)";
				SWIFT_EMIT_LOC_STRINGS = NO;
				SWIFT_VERSION = 5.0;
				TARGETED_DEVICE_FAMILY = "1,2";
				TEST_HOST = "$(BUILT_PRODUCTS_DIR)/Neovie.app/$(BUNDLE_EXECUTABLE_FOLDER_PATH)/Neovie";
			};
			name = Debug;
		};
		D85EA7B72C5252B000A15915 /* Release */ = {
			isa = XCBuildConfiguration;
			buildSettings = {
				ALWAYS_EMBED_SWIFT_STANDARD_LIBRARIES = YES;
				BUNDLE_LOADER = "$(TEST_HOST)";
				CODE_SIGN_STYLE = Automatic;
				CURRENT_PROJECT_VERSION = 1;
				GENERATE_INFOPLIST_FILE = YES;
				IPHONEOS_DEPLOYMENT_TARGET = 17.5;
				MARKETING_VERSION = 1.0;
				PRODUCT_BUNDLE_IDENTIFIER = com.deepthi.NeovieTests;
				PRODUCT_NAME = "$(TARGET_NAME)";
				SWIFT_EMIT_LOC_STRINGS = NO;
				SWIFT_VERSION = 5.0;
				TARGETED_DEVICE_FAMILY = "1,2";
				TEST_HOST = "$(BUILT_PRODUCTS_DIR)/Neovie.app/$(BUNDLE_EXECUTABLE_FOLDER_PATH)/Neovie";
			};
			name = Release;
		};
		D85EA7B92C5252B000A15915 /* Debug */ = {
			isa = XCBuildConfiguration;
			buildSettings = {
				ALWAYS_EMBED_SWIFT_STANDARD_LIBRARIES = YES;
				CODE_SIGN_STYLE = Automatic;
				CURRENT_PROJECT_VERSION = 1;
				GENERATE_INFOPLIST_FILE = YES;
				MARKETING_VERSION = 1.0;
				PRODUCT_BUNDLE_IDENTIFIER = com.deepthi.NeovieUITests;
				PRODUCT_NAME = "$(TARGET_NAME)";
				SWIFT_EMIT_LOC_STRINGS = NO;
				SWIFT_VERSION = 5.0;
				TARGETED_DEVICE_FAMILY = "1,2";
				TEST_TARGET_NAME = Neovie;
			};
			name = Debug;
		};
		D85EA7BA2C5252B000A15915 /* Release */ = {
			isa = XCBuildConfiguration;
			buildSettings = {
				ALWAYS_EMBED_SWIFT_STANDARD_LIBRARIES = YES;
				CODE_SIGN_STYLE = Automatic;
				CURRENT_PROJECT_VERSION = 1;
				GENERATE_INFOPLIST_FILE = YES;
				MARKETING_VERSION = 1.0;
				PRODUCT_BUNDLE_IDENTIFIER = com.deepthi.NeovieUITests;
				PRODUCT_NAME = "$(TARGET_NAME)";
				SWIFT_EMIT_LOC_STRINGS = NO;
				SWIFT_VERSION = 5.0;
				TARGETED_DEVICE_FAMILY = "1,2";
				TEST_TARGET_NAME = Neovie;
			};
			name = Release;
		};
/* End XCBuildConfiguration section */

/* Begin XCConfigurationList section */
		D85EA7892C5252AE00A15915 /* Build configuration list for PBXProject "Neovie" */ = {
			isa = XCConfigurationList;
			buildConfigurations = (
				D85EA7B02C5252B000A15915 /* Debug */,
				D85EA7B12C5252B000A15915 /* Release */,
			);
			defaultConfigurationIsVisible = 0;
			defaultConfigurationName = Release;
		};
		D85EA7B22C5252B000A15915 /* Build configuration list for PBXNativeTarget "Neovie" */ = {
			isa = XCConfigurationList;
			buildConfigurations = (
				D85EA7B32C5252B000A15915 /* Debug */,
				D85EA7B42C5252B000A15915 /* Release */,
			);
			defaultConfigurationIsVisible = 0;
			defaultConfigurationName = Release;
		};
		D85EA7B52C5252B000A15915 /* Build configuration list for PBXNativeTarget "NeovieTests" */ = {
			isa = XCConfigurationList;
			buildConfigurations = (
				D85EA7B62C5252B000A15915 /* Debug */,
				D85EA7B72C5252B000A15915 /* Release */,
			);
			defaultConfigurationIsVisible = 0;
			defaultConfigurationName = Release;
		};
		D85EA7B82C5252B000A15915 /* Build configuration list for PBXNativeTarget "NeovieUITests" */ = {
			isa = XCConfigurationList;
			buildConfigurations = (
				D85EA7B92C5252B000A15915 /* Debug */,
				D85EA7BA2C5252B000A15915 /* Release */,
			);
			defaultConfigurationIsVisible = 0;
			defaultConfigurationName = Release;
		};
/* End XCConfigurationList section */

/* Begin XCRemoteSwiftPackageReference section */
		D85EA7BB2C52532D00A15915 /* XCRemoteSwiftPackageReference "firebase-ios-sdk" */ = {
			isa = XCRemoteSwiftPackageReference;
			repositoryURL = "https://github.com/firebase/firebase-ios-sdk.git";
			requirement = {
				kind = upToNextMajorVersion;
				minimumVersion = 10.29.0;
			};
		};
		D85EA7C72C52547600A15915 /* XCRemoteSwiftPackageReference "GoogleSignIn-iOS" */ = {
			isa = XCRemoteSwiftPackageReference;
			repositoryURL = "https://github.com/google/GoogleSignIn-iOS.git";
			requirement = {
				kind = upToNextMajorVersion;
				minimumVersion = 7.1.0;
			};
		};
		D8ABA6792C5FCEC90040F018 /* XCRemoteSwiftPackageReference "lottie-ios" */ = {
			isa = XCRemoteSwiftPackageReference;
			repositoryURL = "https://github.com/airbnb/lottie-ios.git";
			requirement = {
				kind = upToNextMajorVersion;
				minimumVersion = 4.5.0;
			};
		};
/* End XCRemoteSwiftPackageReference section */

/* Begin XCSwiftPackageProductDependency section */
		D807709E2C5927FA00381B45 /* FirebaseFunctions */ = {
			isa = XCSwiftPackageProductDependency;
			productName = FirebaseFunctions;
		};
		D85E8F222C576A5300CC2ACF /* FirebaseMessaging */ = {
			isa = XCSwiftPackageProductDependency;
			package = D85EA7BB2C52532D00A15915 /* XCRemoteSwiftPackageReference "firebase-ios-sdk" */;
			productName = FirebaseMessaging;
		};
		D85EA7BC2C52532D00A15915 /* FirebaseAuth */ = {
			isa = XCSwiftPackageProductDependency;
			package = D85EA7BB2C52532D00A15915 /* XCRemoteSwiftPackageReference "firebase-ios-sdk" */;
			productName = FirebaseAuth;
		};
		D85EA7BE2C52532D00A15915 /* FirebaseDatabase */ = {
			isa = XCSwiftPackageProductDependency;
			package = D85EA7BB2C52532D00A15915 /* XCRemoteSwiftPackageReference "firebase-ios-sdk" */;
			productName = FirebaseDatabase;
		};
		D85EA7C02C52532D00A15915 /* FirebaseFirestore */ = {
			isa = XCSwiftPackageProductDependency;
			package = D85EA7BB2C52532D00A15915 /* XCRemoteSwiftPackageReference "firebase-ios-sdk" */;
			productName = FirebaseFirestore;
		};
		D85EA7C22C52532D00A15915 /* FirebaseStorage */ = {
			isa = XCSwiftPackageProductDependency;
			package = D85EA7BB2C52532D00A15915 /* XCRemoteSwiftPackageReference "firebase-ios-sdk" */;
			productName = FirebaseStorage;
		};
		D85EA7C82C52547600A15915 /* GoogleSignIn */ = {
			isa = XCSwiftPackageProductDependency;
			package = D85EA7C72C52547600A15915 /* XCRemoteSwiftPackageReference "GoogleSignIn-iOS" */;
			productName = GoogleSignIn;
		};
		D85EA7CA2C52547600A15915 /* GoogleSignInSwift */ = {
			isa = XCSwiftPackageProductDependency;
			package = D85EA7C72C52547600A15915 /* XCRemoteSwiftPackageReference "GoogleSignIn-iOS" */;
			productName = GoogleSignInSwift;
		};
		D8ABA67A2C5FCEC90040F018 /* Lottie */ = {
			isa = XCSwiftPackageProductDependency;
			package = D8ABA6792C5FCEC90040F018 /* XCRemoteSwiftPackageReference "lottie-ios" */;
			productName = Lottie;
		};
		D8DAB5762C79617C00CD1E3A /* FirebaseAnalytics */ = {
			isa = XCSwiftPackageProductDependency;
			productName = FirebaseAnalytics;
		};
		D8DAB5782C79617C00CD1E3A /* FirebaseAnalyticsOnDeviceConversion */ = {
			isa = XCSwiftPackageProductDependency;
			productName = FirebaseAnalyticsOnDeviceConversion;
		};
		D8DAB57A2C79617C00CD1E3A /* FirebaseAnalyticsSwift */ = {
			isa = XCSwiftPackageProductDependency;
			productName = FirebaseAnalyticsSwift;
		};
		D8DAB57C2C79617C00CD1E3A /* FirebaseAnalyticsWithoutAdIdSupport */ = {
			isa = XCSwiftPackageProductDependency;
			productName = FirebaseAnalyticsWithoutAdIdSupport;
		};
/* End XCSwiftPackageProductDependency section */
	};
	rootObject = D85EA7862C5252AE00A15915 /* Project object */;
}
